
Microsoft Visual Studio Solution File, Format Version 12.00
# Visual Studio 15
VisualStudioVersion = 15.0.27004.2009
MinimumVisualStudioVersion = 10.0.40219.1
Project("{F184B08F-C81C-45F6-A57F-5ABD9991F28F}") = "20171123", "20171123\20171123.vbproj", "{339415F7-4979-46DA-B387-6E6DAAC7F2FB}"
EndProject
Project("{F184B08F-C81C-45F6-A57F-5ABD9991F28F}") = "ConsoleApp1", "ConsoleApp1\ConsoleApp1.vbproj", "{CE32E665-E9CD-4F88-92EE-275FE8FA3695}"
EndProject
Project("{F184B08F-C81C-45F6-A57F-5ABD9991F28F}") = "ConsoleApp2", "ConsoleApp2\ConsoleApp2.vbproj", "{1EC258AE-7725-44E0-87D0-E8EC4639492E}"
EndProject
Project("{F184B08F-C81C-45F6-A57F-5ABD9991F28F}") = "20171127", "20171127\20171127.vbproj", "{14B2C035-E522-4149-BE1A-1541E3C7B4D8}"
EndProject
Project("{F184B08F-C81C-45F6-A57F-5ABD9991F28F}") = "ex_7-2", "ex_7-2\ex_7-2.vbproj", "{162EF364-EF29-4479-9F86-D28FDDB57547}"
EndProject
Project("{F184B08F-C81C-45F6-A57F-5ABD9991F28F}") = "ex7-3", "ex7-3\ex7-3.vbproj", "{947F58F6-DE43-42FE-8B5B-63A4FDA7424B}"
EndProject
Project("{F184B08F-C81C-45F6-A57F-5ABD9991F28F}") = "ex7-4", "ex7-4\ex7-4.vbproj", "{F2D63FDC-FB51-44BC-8669-E54E7836898E}"
EndProject
Project("{F184B08F-C81C-45F6-A57F-5ABD9991F28F}") = "ex7-5", "ex7-5\ex7-5.vbproj", "{D7CBA25B-B038-49D3-94C9-3479ACFF8B73}"
EndProject
Project("{F184B08F-C81C-45F6-A57F-5ABD9991F28F}") = "ex5-8", "ex5-8\ex5-8.vbproj", "{145851B0-228D-46DE-9467-82BF8AA01F04}"
EndProject
Project("{F184B08F-C81C-45F6-A57F-5ABD9991F28F}") = "exex7-4", "exex7-4\exex7-4.vbproj", "{CCED2860-52B3-49B4-9C31-BD3E5ED53EF2}"
EndProject
Project("{F184B08F-C81C-45F6-A57F-5ABD9991F28F}") = "exex7-5", "exex7-5\exex7-5.vbproj", "{EEDEA199-3242-4AA2-A837-A7E409154B76}"
EndProject
Global
	GlobalSection(SolutionConfigurationPlatforms) = preSolution
		Debug|Any CPU = Debug|Any CPU
		Release|Any CPU = Release|Any CPU
	EndGlobalSection
	GlobalSection(ProjectConfigurationPlatforms) = postSolution
		{339415F7-4979-46DA-B387-6E6DAAC7F2FB}.Debug|Any CPU.ActiveCfg = Debug|Any CPU
		{339415F7-4979-46DA-B387-6E6DAAC7F2FB}.Debug|Any CPU.Build.0 = Debug|Any CPU
		{339415F7-4979-46DA-B387-6E6DAAC7F2FB}.Release|Any CPU.ActiveCfg = Release|Any CPU
		{339415F7-4979-46DA-B387-6E6DAAC7F2FB}.Release|Any CPU.Build.0 = Release|Any CPU
		{CE32E665-E9CD-4F88-92EE-275FE8FA3695}.Debug|Any CPU.ActiveCfg = Debug|Any CPU
		{CE32E665-E9CD-4F88-92EE-275FE8FA3695}.Debug|Any CPU.Build.0 = Debug|Any CPU
		{CE32E665-E9CD-4F88-92EE-275FE8FA3695}.Release|Any CPU.ActiveCfg = Release|Any CPU
		{CE32E665-E9CD-4F88-92EE-275FE8FA3695}.Release|Any CPU.Build.0 = Release|Any CPU
		{1EC258AE-7725-44E0-87D0-E8EC4639492E}.Debug|Any CPU.ActiveCfg = Debug|Any CPU
		{1EC258AE-7725-44E0-87D0-E8EC4639492E}.Debug|Any CPU.Build.0 = Debug|Any CPU
		{1EC258AE-7725-44E0-87D0-E8EC4639492E}.Release|Any CPU.ActiveCfg = Release|Any CPU
		{1EC258AE-7725-44E0-87D0-E8EC4639492E}.Release|Any CPU.Build.0 = Release|Any CPU
		{14B2C035-E522-4149-BE1A-1541E3C7B4D8}.Debug|Any CPU.ActiveCfg = Debug|Any CPU
		{14B2C035-E522-4149-BE1A-1541E3C7B4D8}.Debug|Any CPU.Build.0 = Debug|Any CPU
		{14B2C035-E522-4149-BE1A-1541E3C7B4D8}.Release|Any CPU.ActiveCfg = Release|Any CPU
		{14B2C035-E522-4149-BE1A-1541E3C7B4D8}.Release|Any CPU.Build.0 = Release|Any CPU
		{162EF364-EF29-4479-9F86-D28FDDB57547}.Debug|Any CPU.ActiveCfg = Debug|Any CPU
		{162EF364-EF29-4479-9F86-D28FDDB57547}.Debug|Any CPU.Build.0 = Debug|Any CPU
		{162EF364-EF29-4479-9F86-D28FDDB57547}.Release|Any CPU.ActiveCfg = Release|Any CPU
		{162EF364-EF29-4479-9F86-D28FDDB57547}.Release|Any CPU.Build.0 = Release|Any CPU
		{947F58F6-DE43-42FE-8B5B-63A4FDA7424B}.Debug|Any CPU.ActiveCfg = Debug|Any CPU
		{947F58F6-DE43-42FE-8B5B-63A4FDA7424B}.Debug|Any CPU.Build.0 = Debug|Any CPU
		{947F58F6-DE43-42FE-8B5B-63A4FDA7424B}.Release|Any CPU.ActiveCfg = Release|Any CPU
		{947F58F6-DE43-42FE-8B5B-63A4FDA7424B}.Release|Any CPU.Build.0 = Release|Any CPU
		{F2D63FDC-FB51-44BC-8669-E54E7836898E}.Debug|Any CPU.ActiveCfg = Debug|Any CPU
		{F2D63FDC-FB51-44BC-8669-E54E7836898E}.Debug|Any CPU.Build.0 = Debug|Any CPU
		{F2D63FDC-FB51-44BC-8669-E54E7836898E}.Release|Any CPU.ActiveCfg = Release|Any CPU
		{F2D63FDC-FB51-44BC-8669-E54E7836898E}.Release|Any CPU.Build.0 = Release|Any CPU
		{D7CBA25B-B038-49D3-94C9-3479ACFF8B73}.Debug|Any CPU.ActiveCfg = Debug|Any CPU
		{D7CBA25B-B038-49D3-94C9-3479ACFF8B73}.Debug|Any CPU.Build.0 = Debug|Any CPU
		{D7CBA25B-B038-49D3-94C9-3479ACFF8B73}.Release|Any CPU.ActiveCfg = Release|Any CPU
		{D7CBA25B-B038-49D3-94C9-3479ACFF8B73}.Release|Any CPU.Build.0 = Release|Any CPU
		{145851B0-228D-46DE-9467-82BF8AA01F04}.Debug|Any CPU.ActiveCfg = Debug|Any CPU
		{145851B0-228D-46DE-9467-82BF8AA01F04}.Debug|Any CPU.Build.0 = Debug|Any CPU
		{145851B0-228D-46DE-9467-82BF8AA01F04}.Release|Any CPU.ActiveCfg = Release|Any CPU
		{145851B0-228D-46DE-9467-82BF8AA01F04}.Release|Any CPU.Build.0 = Release|Any CPU
		{CCED2860-52B3-49B4-9C31-BD3E5ED53EF2}.Debug|Any CPU.ActiveCfg = Debug|Any CPU
		{CCED2860-52B3-49B4-9C31-BD3E5ED53EF2}.Debug|Any CPU.Build.0 = Debug|Any CPU
		{CCED2860-52B3-49B4-9C31-BD3E5ED53EF2}.Release|Any CPU.ActiveCfg = Release|Any CPU
		{CCED2860-52B3-49B4-9C31-BD3E5ED53EF2}.Release|Any CPU.Build.0 = Release|Any CPU
		{EEDEA199-3242-4AA2-A837-A7E409154B76}.Debug|Any CPU.ActiveCfg = Debug|Any CPU
		{EEDEA199-3242-4AA2-A837-A7E409154B76}.Debug|Any CPU.Build.0 = Debug|Any CPU
		{EEDEA199-3242-4AA2-A837-A7E409154B76}.Release|Any CPU.ActiveCfg = Release|Any CPU
		{EEDEA199-3242-4AA2-A837-A7E409154B76}.Release|Any CPU.Build.0 = Release|Any CPU
	EndGlobalSection
	GlobalSection(SolutionProperties) = preSolution
		HideSolutionNode = FALSE
	EndGlobalSection
	GlobalSection(ExtensibilityGlobals) = postSolution
		SolutionGuid = {00D55202-8C79-4D2F-AC73-96503CA509B5}
	EndGlobalSection
EndGlobal
